
Microsoft Visual Studio Solution File, Format Version 12.00
# Visual Studio Version 17
VisualStudioVersion = 17.0.32014.148
MinimumVisualStudioVersion = 10.0.40219.1
Project("{9A19103F-16F7-4668-BE54-9A1E7A4F7556}") = "PangWeb", "PangWeb\PangWeb.csproj", "{84681E3B-902C-42B4-B032-8E4E225050A8}"
EndProject
Project("{9A19103F-16F7-4668-BE54-9A1E7A4F7556}") = "PangWeb.Shared", "PangWeb.Shared\PangWeb.Shared.csproj", "{1DF1C5AA-438B-4F3E-BE4C-B1460153F9DB}"
EndProject
Global
	GlobalSection(SolutionConfigurationPlatforms) = preSolution
		Debug|Any CPU = Debug|Any CPU
		Release|Any CPU = Release|Any CPU
	EndGlobalSection
	GlobalSection(ProjectConfigurationPlatforms) = postSolution
		{84681E3B-902C-42B4-B032-8E4E225050A8}.Debug|Any CPU.ActiveCfg = Debug|Any CPU
		{84681E3B-902C-42B4-B032-8E4E225050A8}.Debug|Any CPU.Build.0 = Debug|Any CPU
		{84681E3B-902C-42B4-B032-8E4E225050A8}.Release|Any CPU.ActiveCfg = Release|Any CPU
		{84681E3B-902C-42B4-B032-8E4E225050A8}.Release|Any CPU.Build.0 = Release|Any CPU
		{1DF1C5AA-438B-4F3E-BE4C-B1460153F9DB}.Debug|Any CPU.ActiveCfg = Debug|Any CPU
		{1DF1C5AA-438B-4F3E-BE4C-B1460153F9DB}.Debug|Any CPU.Build.0 = Debug|Any CPU
		{1DF1C5AA-438B-4F3E-BE4C-B1460153F9DB}.Release|Any CPU.ActiveCfg = Release|Any CPU
		{1DF1C5AA-438B-4F3E-BE4C-B1460153F9DB}.Release|Any CPU.Build.0 = Release|Any CPU
	EndGlobalSection
	GlobalSection(SolutionProperties) = preSolution
		HideSolutionNode = FALSE
	EndGlobalSection
	GlobalSection(ExtensibilityGlobals) = postSolution
		SolutionGuid = {E088E5AA-E818-4620-B923-40E10AB6C67D}
	EndGlobalSection
EndGlobal
